<?xml version="1.0" encoding="utf-8"?>
<Project ToolsVersion="4.0" xmlns="http://schemas.microsoft.com/developer/msbuild/2003">
  <ItemGroup>
    <Filter Include="devices">
      <UniqueIdentifier>{5c8cbee7-0e08-4d69-89be-e53468c6204a}</UniqueIdentifier>
    </Filter>
    <Filter Include="sockets">
      <UniqueIdentifier>{99fbbf67-d45b-40ce-b09b-83a996b72945}</UniqueIdentifier>
    </Filter>
    <Filter Include="_misc">
      <UniqueIdentifier>{893afb73-3d82-4e86-b781-f40a255518e3}</UniqueIdentifier>
    </Filter>
    <Filter Include="_misc\stdafx">
      <UniqueIdentifier>{d04c7808-9b83-4438-b8ee-649dc3c96dbe}</UniqueIdentifier>
    </Filter>
    <Filter Include="objects">
      <UniqueIdentifier>{53ef6530-3418-4407-bd0c-042da0c7c4f9}</UniqueIdentifier>
    </Filter>
    <Filter Include="ipmi">
      <UniqueIdentifier>{e2034113-220a-4cc3-b75e-a25e4b1a73a7}</UniqueIdentifier>
    </Filter>
  </ItemGroup>
  <ItemGroup>
    <ClInclude Include="src\stdafx\stdafx.h">
      <Filter>_misc\stdafx</Filter>
    </ClInclude>
    <ClInclude Include="src\stdafx\targetver.h">
      <Filter>_misc\stdafx</Filter>
    </ClInclude>
    <ClInclude Include="src\match.hpp" />
    <ClInclude Include="src\helpers.hpp" />
    <ClInclude Include="src\dynamic_info.hpp" />
    <ClInclude Include="src\program_info.hpp" />
    <ClInclude Include="src\syscalls.hpp" />
    <ClInclude Include="src\bmi1.hpp" />
    <ClInclude Include="src\code_generators.hpp" />
    <ClInclude Include="src\rip_zone.hpp" />
    <ClInclude Include="src\rip_pointers.hpp" />
    <ClInclude Include="src\module.hpp" />
    <ClInclude Include="src\runtime.hpp" />
    <ClInclude Include="src\objects\object.hpp">
      <Filter>objects</Filter>
    </ClInclude>
    <ClInclude Include="src\object_table.hpp" />
    <ClInclude Include="src\devices\console_device.hpp">
      <Filter>devices</Filter>
    </ClInclude>
    <ClInclude Include="src\devices\deci_tty_device.hpp">
      <Filter>devices</Filter>
    </ClInclude>
    <ClInclude Include="src\devices\dipsw_device.hpp">
      <Filter>devices</Filter>
    </ClInclude>
    <ClInclude Include="src\devices\gc_device.hpp">
      <Filter>devices</Filter>
    </ClInclude>
    <ClInclude Include="src\devices\notification_device.hpp">
      <Filter>devices</Filter>
    </ClInclude>
    <ClInclude Include="src\devices\_devices.hpp">
      <Filter>devices</Filter>
    </ClInclude>
    <ClInclude Include="src\objects\_objects.hpp">
      <Filter>objects</Filter>
    </ClInclude>
    <ClInclude Include="src\objects\eport.hpp">
      <Filter>objects</Filter>
    </ClInclude>
    <ClInclude Include="src\devices\direct_memory_device.hpp">
      <Filter>devices</Filter>
    </ClInclude>
    <ClInclude Include="src\syscall_error_table.hpp" />
    <ClInclude Include="src\syscall_errors.hpp" />
    <ClInclude Include="src\sockets\internet_socket.hpp">
      <Filter>sockets</Filter>
    </ClInclude>
    <ClInclude Include="src\sockets\socket.hpp">
      <Filter>sockets</Filter>
    </ClInclude>
    <ClInclude Include="src\sockets\_sockets.hpp">
      <Filter>sockets</Filter>
    </ClInclude>
    <ClInclude Include="src\devices\device.hpp">
      <Filter>devices</Filter>
    </ClInclude>
    <ClInclude Include="src\objects\event_flag.hpp">
      <Filter>objects</Filter>
    </ClInclude>
    <ClInclude Include="src\objects\file.hpp">
      <Filter>objects</Filter>
    </ClInclude>
    <ClInclude Include="src\objects\shared_memory.hpp">
      <Filter>objects</Filter>
    </ClInclude>
    <ClInclude Include="src\objects\queue.hpp">
      <Filter>objects</Filter>
    </ClInclude>
    <ClInclude Include="src\ipmi\ipmi_client.hpp">
      <Filter>ipmi</Filter>
    </ClInclude>
    <ClInclude Include="src\ipmi\_ipmi.h">
      <Filter>ipmi</Filter>
    </ClInclude>
    <ClInclude Include="src\objects\semaphore.hpp">
      <Filter>objects</Filter>
    </ClInclude>
  </ItemGroup>
  <ItemGroup>
    <ClCompile Include="src\stdafx\stdafx.cpp">
      <Filter>_misc\stdafx</Filter>
    </ClCompile>
    <ClCompile Include="src\main.cpp" />
    <ClCompile Include="src\match.cpp" />
    <ClCompile Include="src\helpers.cpp" />
    <ClCompile Include="src\dynamic_info.cpp" />
    <ClCompile Include="src\program_info.cpp" />
    <ClCompile Include="src\syscalls.cpp" />
    <ClCompile Include="src\bmi1.cpp" />
    <ClCompile Include="src\code_generators.cpp" />
    <ClCompile Include="src\module.cpp" />
    <ClCompile Include="src\runtime.cpp" />
    <ClCompile Include="src\object_table.cpp" />
    <ClCompile Include="src\devices\console_device.cpp">
      <Filter>devices</Filter>
    </ClCompile>
    <ClCompile Include="src\devices\deci_tty_device.cpp">
      <Filter>devices</Filter>
    </ClCompile>
    <ClCompile Include="src\devices\dipsw_device.cpp">
      <Filter>devices</Filter>
    </ClCompile>
    <ClCompile Include="src\devices\gc_device.cpp">
      <Filter>devices</Filter>
    </ClCompile>
    <ClCompile Include="src\devices\notification_device.cpp">
      <Filter>devices</Filter>
    </ClCompile>
    <ClCompile Include="src\objects\eport.cpp">
      <Filter>objects</Filter>
    </ClCompile>
    <ClCompile Include="src\devices\direct_memory_device.cpp">
      <Filter>devices</Filter>
    </ClCompile>
    <ClCompile Include="src\sockets\internet_socket.cpp">
      <Filter>sockets</Filter>
    </ClCompile>
    <ClCompile Include="src\sockets\socket.cpp">
      <Filter>sockets</Filter>
    </ClCompile>
    <ClCompile Include="src\devices\device.cpp">
      <Filter>devices</Filter>
    </ClCompile>
    <ClCompile Include="src\objects\event_flag.cpp">
      <Filter>objects</Filter>
    </ClCompile>
    <ClCompile Include="src\objects\file.cpp">
      <Filter>objects</Filter>
    </ClCompile>
    <ClCompile Include="src\objects\shared_memory.cpp">
      <Filter>objects</Filter>
    </ClCompile>
    <ClCompile Include="src\syscalls_win.cpp" />
    <ClCompile Include="src\objects\queue.cpp">
      <Filter>objects</Filter>
    </ClCompile>
    <ClCompile Include="src\objects\object.cpp">
      <Filter>objects</Filter>
    </ClCompile>
    <ClCompile Include="src\ipmi\ipmi_client.cpp">
      <Filter>ipmi</Filter>
    </ClCompile>
    <ClCompile Include="src\objects\semaphore.cpp">
      <Filter>objects</Filter>
    </ClCompile>
  </ItemGroup>
  <ItemGroup>
    <None Include="src\syscall_table.inl" />
  </ItemGroup>
</Project>